
Microsoft Visual Studio Solution File, Format Version 12.00
# Visual Studio Version 17
VisualStudioVersion = 17.0.31903.59
MinimumVisualStudioVersion = 10.0.40219.1
Project("{2150E333-8FDC-42A3-9474-1A3956D46DE8}") = "src", "src", "{A98DD199-0F79-4E9B-8722-A43FC8B30882}"
EndProject
Project("{FAE04EC0-301F-11D3-BF4B-00C04F79EFBC}") = "Domain", "src\Domain\Domain.csproj", "{3BCCE822-546C-4A32-8BC3-F7DB103B989C}"
EndProject
Project("{FAE04EC0-301F-11D3-BF4B-00C04F79EFBC}") = "Application", "src\Application\Application.csproj", "{54240801-12F7-44E8-961F-3FBDA04B0AEE}"
EndProject
Project("{FAE04EC0-301F-11D3-BF4B-00C04F79EFBC}") = "Infrastructure", "src\Infrastructure\Infrastructure.csproj", "{D8936313-782B-43AF-97C2-061A424598FF}"
EndProject
Project("{FAE04EC0-301F-11D3-BF4B-00C04F79EFBC}") = "Api", "src\Presentation\Api.csproj", "{469DE9CA-0076-45AF-838F-A6842D39E2FE}"
EndProject
Project("{2150E333-8FDC-42A3-9474-1A3956D46DE8}") = "tests", "tests", "{F9571CA6-371D-4156-AC58-D579211544F3}"
EndProject
Project("{FAE04EC0-301F-11D3-BF4B-00C04F79EFBC}") = "Application.Tests", "tests\Application.Tests\Application.Tests.csproj", "{51226CB8-0AC5-4E24-9C8E-2E4B76C52C3B}"
EndProject
Project("{FAE04EC0-301F-11D3-BF4B-00C04F79EFBC}") = "Infrastructure.Tests", "tests\Infrastructure.Tests\Infrastructure.Tests.csproj", "{921DF314-FC34-4F91-AC24-8DF7D6872259}"
EndProject
Project("{FAE04EC0-301F-11D3-BF4B-00C04F79EFBC}") = "Api.Tests", "tests\Api.Tests\Api.Tests.csproj", "{0BA03197-505C-40D4-8333-8B7B2C5232D4}"
EndProject
Project("{FAE04EC0-301F-11D3-BF4B-00C04F79EFBC}") = "Domain.Tests", "tests\Domain.Tests\Domain.Tests.csproj", "{6CACD74B-124E-4900-AD90-64CD7E613628}"
EndProject
Global
	GlobalSection(SolutionConfigurationPlatforms) = preSolution
		Debug|Any CPU = Debug|Any CPU
		Release|Any CPU = Release|Any CPU
	EndGlobalSection
	GlobalSection(SolutionProperties) = preSolution
		HideSolutionNode = FALSE
	EndGlobalSection
	GlobalSection(ProjectConfigurationPlatforms) = postSolution
		{3BCCE822-546C-4A32-8BC3-F7DB103B989C}.Debug|Any CPU.ActiveCfg = Debug|Any CPU
		{3BCCE822-546C-4A32-8BC3-F7DB103B989C}.Debug|Any CPU.Build.0 = Debug|Any CPU
		{3BCCE822-546C-4A32-8BC3-F7DB103B989C}.Release|Any CPU.ActiveCfg = Release|Any CPU
		{3BCCE822-546C-4A32-8BC3-F7DB103B989C}.Release|Any CPU.Build.0 = Release|Any CPU
		{54240801-12F7-44E8-961F-3FBDA04B0AEE}.Debug|Any CPU.ActiveCfg = Debug|Any CPU
		{54240801-12F7-44E8-961F-3FBDA04B0AEE}.Debug|Any CPU.Build.0 = Debug|Any CPU
		{54240801-12F7-44E8-961F-3FBDA04B0AEE}.Release|Any CPU.ActiveCfg = Release|Any CPU
		{54240801-12F7-44E8-961F-3FBDA04B0AEE}.Release|Any CPU.Build.0 = Release|Any CPU
		{D8936313-782B-43AF-97C2-061A424598FF}.Debug|Any CPU.ActiveCfg = Debug|Any CPU
		{D8936313-782B-43AF-97C2-061A424598FF}.Debug|Any CPU.Build.0 = Debug|Any CPU
		{D8936313-782B-43AF-97C2-061A424598FF}.Release|Any CPU.ActiveCfg = Release|Any CPU
		{D8936313-782B-43AF-97C2-061A424598FF}.Release|Any CPU.Build.0 = Release|Any CPU
		{469DE9CA-0076-45AF-838F-A6842D39E2FE}.Debug|Any CPU.ActiveCfg = Debug|Any CPU
		{469DE9CA-0076-45AF-838F-A6842D39E2FE}.Debug|Any CPU.Build.0 = Debug|Any CPU
		{469DE9CA-0076-45AF-838F-A6842D39E2FE}.Release|Any CPU.ActiveCfg = Release|Any CPU
		{469DE9CA-0076-45AF-838F-A6842D39E2FE}.Release|Any CPU.Build.0 = Release|Any CPU
		{51226CB8-0AC5-4E24-9C8E-2E4B76C52C3B}.Debug|Any CPU.ActiveCfg = Debug|Any CPU
		{51226CB8-0AC5-4E24-9C8E-2E4B76C52C3B}.Debug|Any CPU.Build.0 = Debug|Any CPU
		{51226CB8-0AC5-4E24-9C8E-2E4B76C52C3B}.Release|Any CPU.ActiveCfg = Release|Any CPU
		{51226CB8-0AC5-4E24-9C8E-2E4B76C52C3B}.Release|Any CPU.Build.0 = Release|Any CPU
		{921DF314-FC34-4F91-AC24-8DF7D6872259}.Debug|Any CPU.ActiveCfg = Debug|Any CPU
		{921DF314-FC34-4F91-AC24-8DF7D6872259}.Debug|Any CPU.Build.0 = Debug|Any CPU
		{921DF314-FC34-4F91-AC24-8DF7D6872259}.Release|Any CPU.ActiveCfg = Release|Any CPU
		{921DF314-FC34-4F91-AC24-8DF7D6872259}.Release|Any CPU.Build.0 = Release|Any CPU
		{0BA03197-505C-40D4-8333-8B7B2C5232D4}.Debug|Any CPU.ActiveCfg = Debug|Any CPU
		{0BA03197-505C-40D4-8333-8B7B2C5232D4}.Debug|Any CPU.Build.0 = Debug|Any CPU
		{0BA03197-505C-40D4-8333-8B7B2C5232D4}.Release|Any CPU.ActiveCfg = Release|Any CPU
		{0BA03197-505C-40D4-8333-8B7B2C5232D4}.Release|Any CPU.Build.0 = Release|Any CPU
		{6CACD74B-124E-4900-AD90-64CD7E613628}.Debug|Any CPU.ActiveCfg = Debug|Any CPU
		{6CACD74B-124E-4900-AD90-64CD7E613628}.Debug|Any CPU.Build.0 = Debug|Any CPU
		{6CACD74B-124E-4900-AD90-64CD7E613628}.Release|Any CPU.ActiveCfg = Release|Any CPU
		{6CACD74B-124E-4900-AD90-64CD7E613628}.Release|Any CPU.Build.0 = Release|Any CPU
	EndGlobalSection
	GlobalSection(NestedProjects) = preSolution
		{3BCCE822-546C-4A32-8BC3-F7DB103B989C} = {A98DD199-0F79-4E9B-8722-A43FC8B30882}
		{54240801-12F7-44E8-961F-3FBDA04B0AEE} = {A98DD199-0F79-4E9B-8722-A43FC8B30882}
		{D8936313-782B-43AF-97C2-061A424598FF} = {A98DD199-0F79-4E9B-8722-A43FC8B30882}
		{469DE9CA-0076-45AF-838F-A6842D39E2FE} = {A98DD199-0F79-4E9B-8722-A43FC8B30882}
		{51226CB8-0AC5-4E24-9C8E-2E4B76C52C3B} = {F9571CA6-371D-4156-AC58-D579211544F3}
		{921DF314-FC34-4F91-AC24-8DF7D6872259} = {F9571CA6-371D-4156-AC58-D579211544F3}
		{0BA03197-505C-40D4-8333-8B7B2C5232D4} = {F9571CA6-371D-4156-AC58-D579211544F3}
		{6CACD74B-124E-4900-AD90-64CD7E613628} = {F9571CA6-371D-4156-AC58-D579211544F3}
	EndGlobalSection
EndGlobal
